
Microsoft Visual Studio Solution File, Format Version 12.00
# Visual Studio Version 16
VisualStudioVersion = 16.0.30204.135
MinimumVisualStudioVersion = 10.0.40219.1
Project("{FAE04EC0-301F-11D3-BF4B-00C04F79EFBC}") = "Sharetrade", "Sharetrade\Sharetrade.csproj", "{3D583484-A722-4A5C-A81F-87EC98D12507}"
EndProject
Global
	GlobalSection(SolutionConfigurationPlatforms) = preSolution
		Debug|Any CPU = Debug|Any CPU
		Release|Any CPU = Release|Any CPU
	EndGlobalSection
	GlobalSection(ProjectConfigurationPlatforms) = postSolution
		{3D583484-A722-4A5C-A81F-87EC98D12507}.Debug|Any CPU.ActiveCfg = Debug|Any CPU
		{3D583484-A722-4A5C-A81F-87EC98D12507}.Debug|Any CPU.Build.0 = Debug|Any CPU
		{3D583484-A722-4A5C-A81F-87EC98D12507}.Release|Any CPU.ActiveCfg = Release|Any CPU
		{3D583484-A722-4A5C-A81F-87EC98D12507}.Release|Any CPU.Build.0 = Release|Any CPU
	EndGlobalSection
	GlobalSection(SolutionProperties) = preSolution
		HideSolutionNode = FALSE
	EndGlobalSection
	GlobalSection(ExtensibilityGlobals) = postSolution
		SolutionGuid = {2A8221B2-6029-4755-8AD9-9EC149036DD5}
	EndGlobalSection
EndGlobal
